// !$*UTF8*$!
{
	archiveVersion = 1;
	classes = {
	};
	objectVersion = 50;
	objects = {

/* Begin PBXBuildFile section */
		3425E39B2647E50800B5C990 /* DetailVC.swift in Sources */ = {isa = PBXBuildFile; fileRef = 3425E39A2647E50800B5C990 /* DetailVC.swift */; };
		3453C90C26454D4C0062692D /* AppDelegate.swift in Sources */ = {isa = PBXBuildFile; fileRef = 3453C90B26454D4C0062692D /* AppDelegate.swift */; };
		3453C90E26454D4C0062692D /* SceneDelegate.swift in Sources */ = {isa = PBXBuildFile; fileRef = 3453C90D26454D4C0062692D /* SceneDelegate.swift */; };
		3453C91326454D4C0062692D /* Main.storyboard in Resources */ = {isa = PBXBuildFile; fileRef = 3453C91126454D4C0062692D /* Main.storyboard */; };
		3453C91626454D4C0062692D /* Sentia.xcdatamodeld in Sources */ = {isa = PBXBuildFile; fileRef = 3453C91426454D4C0062692D /* Sentia.xcdatamodeld */; };
		3453C91826454D4F0062692D /* Assets.xcassets in Resources */ = {isa = PBXBuildFile; fileRef = 3453C91726454D4F0062692D /* Assets.xcassets */; };
		3453C91B26454D4F0062692D /* LaunchScreen.storyboard in Resources */ = {isa = PBXBuildFile; fileRef = 3453C91926454D4F0062692D /* LaunchScreen.storyboard */; };
		3453C92626454D4F0062692D /* SentiaTests.swift in Sources */ = {isa = PBXBuildFile; fileRef = 3453C92526454D4F0062692D /* SentiaTests.swift */; };
		3453C93126454D4F0062692D /* SentiaUITests.swift in Sources */ = {isa = PBXBuildFile; fileRef = 3453C93026454D4F0062692D /* SentiaUITests.swift */; };
		3453C945264551CD0062692D /* Home.swift in Sources */ = {isa = PBXBuildFile; fileRef = 3453C944264551CD0062692D /* Home.swift */; };
		3453C94E264553330062692D /* HomeCell.swift in Sources */ = {isa = PBXBuildFile; fileRef = 3453C94C264553330062692D /* HomeCell.swift */; };
		3453C94F264553330062692D /* HomeCell.xib in Resources */ = {isa = PBXBuildFile; fileRef = 3453C94D264553330062692D /* HomeCell.xib */; };
		3453C957264554A60062692D /* Model.swift in Sources */ = {isa = PBXBuildFile; fileRef = 3453C956264554A60062692D /* Model.swift */; };
		3453C95C264554BC0062692D /* ViewModel.swift in Sources */ = {isa = PBXBuildFile; fileRef = 3453C95B264554BC0062692D /* ViewModel.swift */; };
		3453C965264557350062692D /* HttpClient.swift in Sources */ = {isa = PBXBuildFile; fileRef = 3453C964264557350062692D /* HttpClient.swift */; };
		3453C96A264558220062692D /* Additional.swift in Sources */ = {isa = PBXBuildFile; fileRef = 3453C969264558220062692D /* Additional.swift */; };
		3453C97326455CF60062692D /* CleanData.swift in Sources */ = {isa = PBXBuildFile; fileRef = 3453C97226455CF60062692D /* CleanData.swift */; };
		3453C98226456A4F0062692D /* Extensions.swift in Sources */ = {isa = PBXBuildFile; fileRef = 3453C98126456A4F0062692D /* Extensions.swift */; };
/* End PBXBuildFile section */

/* Begin PBXContainerItemProxy section */
		3453C92226454D4F0062692D /* PBXContainerItemProxy */ = {
			isa = PBXContainerItemProxy;
			containerPortal = 3453C90026454D4C0062692D /* Project object */;
			proxyType = 1;
			remoteGlobalIDString = 3453C90726454D4C0062692D;
			remoteInfo = Sentia;
		};
		3453C92D26454D4F0062692D /* PBXContainerItemProxy */ = {
			isa = PBXContainerItemProxy;
			containerPortal = 3453C90026454D4C0062692D /* Project object */;
			proxyType = 1;
			remoteGlobalIDString = 3453C90726454D4C0062692D;
			remoteInfo = Sentia;
		};
/* End PBXContainerItemProxy section */

/* Begin PBXFileReference section */
		3425E39A2647E50800B5C990 /* DetailVC.swift */ = {isa = PBXFileReference; lastKnownFileType = sourcecode.swift; path = DetailVC.swift; sourceTree = "<group>"; };
		3425E3AB2647E9BD00B5C990 /* README.md */ = {isa = PBXFileReference; lastKnownFileType = net.daringfireball.markdown; path = README.md; sourceTree = "<group>"; };
		3453C90826454D4C0062692D /* Sentia.app */ = {isa = PBXFileReference; explicitFileType = wrapper.application; includeInIndex = 0; path = Sentia.app; sourceTree = BUILT_PRODUCTS_DIR; };
		3453C90B26454D4C0062692D /* AppDelegate.swift */ = {isa = PBXFileReference; lastKnownFileType = sourcecode.swift; path = AppDelegate.swift; sourceTree = "<group>"; };
		3453C90D26454D4C0062692D /* SceneDelegate.swift */ = {isa = PBXFileReference; lastKnownFileType = sourcecode.swift; path = SceneDelegate.swift; sourceTree = "<group>"; };
		3453C91226454D4C0062692D /* Base */ = {isa = PBXFileReference; lastKnownFileType = file.storyboard; name = Base; path = Base.lproj/Main.storyboard; sourceTree = "<group>"; };
		3453C91526454D4C0062692D /* Sentia.xcdatamodel */ = {isa = PBXFileReference; lastKnownFileType = wrapper.xcdatamodel; path = Sentia.xcdatamodel; sourceTree = "<group>"; };
		3453C91726454D4F0062692D /* Assets.xcassets */ = {isa = PBXFileReference; lastKnownFileType = folder.assetcatalog; path = Assets.xcassets; sourceTree = "<group>"; };
		3453C91A26454D4F0062692D /* Base */ = {isa = PBXFileReference; lastKnownFileType = file.storyboard; name = Base; path = Base.lproj/LaunchScreen.storyboard; sourceTree = "<group>"; };
		3453C91C26454D4F0062692D /* Info.plist */ = {isa = PBXFileReference; lastKnownFileType = text.plist.xml; path = Info.plist; sourceTree = "<group>"; };
		3453C92126454D4F0062692D /* SentiaTests.xctest */ = {isa = PBXFileReference; explicitFileType = wrapper.cfbundle; includeInIndex = 0; path = SentiaTests.xctest; sourceTree = BUILT_PRODUCTS_DIR; };
		3453C92526454D4F0062692D /* SentiaTests.swift */ = {isa = PBXFileReference; lastKnownFileType = sourcecode.swift; path = SentiaTests.swift; sourceTree = "<group>"; };
		3453C92726454D4F0062692D /* Info.plist */ = {isa = PBXFileReference; lastKnownFileType = text.plist.xml; path = Info.plist; sourceTree = "<group>"; };
		3453C92C26454D4F0062692D /* SentiaUITests.xctest */ = {isa = PBXFileReference; explicitFileType = wrapper.cfbundle; includeInIndex = 0; path = SentiaUITests.xctest; sourceTree = BUILT_PRODUCTS_DIR; };
		3453C93026454D4F0062692D /* SentiaUITests.swift */ = {isa = PBXFileReference; lastKnownFileType = sourcecode.swift; path = SentiaUITests.swift; sourceTree = "<group>"; };
		3453C93226454D4F0062692D /* Info.plist */ = {isa = PBXFileReference; lastKnownFileType = text.plist.xml; path = Info.plist; sourceTree = "<group>"; };
		3453C944264551CD0062692D /* Home.swift */ = {isa = PBXFileReference; lastKnownFileType = sourcecode.swift; path = Home.swift; sourceTree = "<group>"; };
		3453C94C264553330062692D /* HomeCell.swift */ = {isa = PBXFileReference; lastKnownFileType = sourcecode.swift; path = HomeCell.swift; sourceTree = "<group>"; };
		3453C94D264553330062692D /* HomeCell.xib */ = {isa = PBXFileReference; lastKnownFileType = file.xib; path = HomeCell.xib; sourceTree = "<group>"; };
		3453C956264554A60062692D /* Model.swift */ = {isa = PBXFileReference; lastKnownFileType = sourcecode.swift; path = Model.swift; sourceTree = "<group>"; };
		3453C95B264554BC0062692D /* ViewModel.swift */ = {isa = PBXFileReference; lastKnownFileType = sourcecode.swift; path = ViewModel.swift; sourceTree = "<group>"; };
		3453C964264557350062692D /* HttpClient.swift */ = {isa = PBXFileReference; lastKnownFileType = sourcecode.swift; path = HttpClient.swift; sourceTree = "<group>"; };
		3453C969264558220062692D /* Additional.swift */ = {isa = PBXFileReference; lastKnownFileType = sourcecode.swift; path = Additional.swift; sourceTree = "<group>"; };
		3453C97226455CF60062692D /* CleanData.swift */ = {isa = PBXFileReference; lastKnownFileType = sourcecode.swift; path = CleanData.swift; sourceTree = "<group>"; };
		3453C98126456A4F0062692D /* Extensions.swift */ = {isa = PBXFileReference; lastKnownFileType = sourcecode.swift; path = Extensions.swift; sourceTree = "<group>"; };
/* End PBXFileReference section */

/* Begin PBXFrameworksBuildPhase section */
		3453C90526454D4C0062692D /* Frameworks */ = {
			isa = PBXFrameworksBuildPhase;
			buildActionMask = 2147483647;
			files = (
			);
			runOnlyForDeploymentPostprocessing = 0;
		};
		3453C91E26454D4F0062692D /* Frameworks */ = {
			isa = PBXFrameworksBuildPhase;
			buildActionMask = 2147483647;
			files = (
			);
			runOnlyForDeploymentPostprocessing = 0;
		};
		3453C92926454D4F0062692D /* Frameworks */ = {
			isa = PBXFrameworksBuildPhase;
			buildActionMask = 2147483647;
			files = (
			);
			runOnlyForDeploymentPostprocessing = 0;
		};
/* End PBXFrameworksBuildPhase section */

/* Begin PBXGroup section */
		3425E3992647E4E300B5C990 /* DetailVC */ = {
			isa = PBXGroup;
			children = (
				3425E39A2647E50800B5C990 /* DetailVC.swift */,
			);
			path = DetailVC;
			sourceTree = "<group>";
		};
		3453C8FF26454D4C0062692D = {
			isa = PBXGroup;
			children = (
				3425E3AB2647E9BD00B5C990 /* README.md */,
				3453C90A26454D4C0062692D /* Sentia */,
				3453C92426454D4F0062692D /* SentiaTests */,
				3453C92F26454D4F0062692D /* SentiaUITests */,
				3453C90926454D4C0062692D /* Products */,
			);
			sourceTree = "<group>";
		};
		3453C90926454D4C0062692D /* Products */ = {
			isa = PBXGroup;
			children = (
				3453C90826454D4C0062692D /* Sentia.app */,
				3453C92126454D4F0062692D /* SentiaTests.xctest */,
				3453C92C26454D4F0062692D /* SentiaUITests.xctest */,
			);
			name = Products;
			sourceTree = "<group>";
		};
		3453C90A26454D4C0062692D /* Sentia */ = {
			isa = PBXGroup;
			children = (
				3453C90B26454D4C0062692D /* AppDelegate.swift */,
				3453C90D26454D4C0062692D /* SceneDelegate.swift */,
				3453C961264554DF0062692D /* Home */,
				3425E3992647E4E300B5C990 /* DetailVC */,
				3453C960264554CD0062692D /* DataModels */,
				3453C963264557280062692D /* HttpClient */,
				3453C97126455CE80062692D /* CleanData */,
				3453C98026456A430062692D /* Extensions */,
				3453C91126454D4C0062692D /* Main.storyboard */,
				3453C91726454D4F0062692D /* Assets.xcassets */,
				3453C91926454D4F0062692D /* LaunchScreen.storyboard */,
				3453C91C26454D4F0062692D /* Info.plist */,
				3453C91426454D4C0062692D /* Sentia.xcdatamodeld */,
			);
			path = Sentia;
			sourceTree = "<group>";
		};
		3453C92426454D4F0062692D /* SentiaTests */ = {
			isa = PBXGroup;
			children = (
				3453C92526454D4F0062692D /* SentiaTests.swift */,
				3453C92726454D4F0062692D /* Info.plist */,
			);
			path = SentiaTests;
			sourceTree = "<group>";
		};
		3453C92F26454D4F0062692D /* SentiaUITests */ = {
			isa = PBXGroup;
			children = (
				3453C93026454D4F0062692D /* SentiaUITests.swift */,
				3453C93226454D4F0062692D /* Info.plist */,
			);
			path = SentiaUITests;
			sourceTree = "<group>";
		};
		3453C960264554CD0062692D /* DataModels */ = {
			isa = PBXGroup;
			children = (
				3453C956264554A60062692D /* Model.swift */,
				3453C95B264554BC0062692D /* ViewModel.swift */,
			);
			path = DataModels;
			sourceTree = "<group>";
		};
		3453C961264554DF0062692D /* Home */ = {
			isa = PBXGroup;
			children = (
				3453C944264551CD0062692D /* Home.swift */,
				3453C962264554F00062692D /* HomeCell */,
			);
			path = Home;
			sourceTree = "<group>";
		};
		3453C962264554F00062692D /* HomeCell */ = {
			isa = PBXGroup;
			children = (
				3453C94C264553330062692D /* HomeCell.swift */,
				3453C94D264553330062692D /* HomeCell.xib */,
			);
			path = HomeCell;
			sourceTree = "<group>";
		};
		3453C963264557280062692D /* HttpClient */ = {
			isa = PBXGroup;
			children = (
				3453C964264557350062692D /* HttpClient.swift */,
			);
			path = HttpClient;
			sourceTree = "<group>";
		};
		3453C97126455CE80062692D /* CleanData */ = {
			isa = PBXGroup;
			children = (
				3453C97226455CF60062692D /* CleanData.swift */,
			);
			path = CleanData;
			sourceTree = "<group>";
		};
		3453C98026456A430062692D /* Extensions */ = {
			isa = PBXGroup;
			children = (
				3453C98126456A4F0062692D /* Extensions.swift */,
				3453C969264558220062692D /* Additional.swift */,
			);
			path = Extensions;
			sourceTree = "<group>";
		};
/* End PBXGroup section */

/* Begin PBXNativeTarget section */
		3453C90726454D4C0062692D /* Sentia */ = {
			isa = PBXNativeTarget;
			buildConfigurationList = 3453C93526454D4F0062692D /* Build configuration list for PBXNativeTarget "Sentia" */;
			buildPhases = (
				3453C90426454D4C0062692D /* Sources */,
				3453C90526454D4C0062692D /* Frameworks */,
				3453C90626454D4C0062692D /* Resources */,
			);
			buildRules = (
			);
			dependencies = (
			);
			name = Sentia;
			productName = Sentia;
			productReference = 3453C90826454D4C0062692D /* Sentia.app */;
			productType = "com.apple.product-type.application";
		};
		3453C92026454D4F0062692D /* SentiaTests */ = {
			isa = PBXNativeTarget;
			buildConfigurationList = 3453C93826454D4F0062692D /* Build configuration list for PBXNativeTarget "SentiaTests" */;
			buildPhases = (
				3453C91D26454D4F0062692D /* Sources */,
				3453C91E26454D4F0062692D /* Frameworks */,
				3453C91F26454D4F0062692D /* Resources */,
			);
			buildRules = (
			);
			dependencies = (
				3453C92326454D4F0062692D /* PBXTargetDependency */,
			);
			name = SentiaTests;
			productName = SentiaTests;
			productReference = 3453C92126454D4F0062692D /* SentiaTests.xctest */;
			productType = "com.apple.product-type.bundle.unit-test";
		};
		3453C92B26454D4F0062692D /* SentiaUITests */ = {
			isa = PBXNativeTarget;
			buildConfigurationList = 3453C93B26454D4F0062692D /* Build configuration list for PBXNativeTarget "SentiaUITests" */;
			buildPhases = (
				3453C92826454D4F0062692D /* Sources */,
				3453C92926454D4F0062692D /* Frameworks */,
				3453C92A26454D4F0062692D /* Resources */,
			);
			buildRules = (
			);
			dependencies = (
				3453C92E26454D4F0062692D /* PBXTargetDependency */,
			);
			name = SentiaUITests;
			productName = SentiaUITests;
			productReference = 3453C92C26454D4F0062692D /* SentiaUITests.xctest */;
			productType = "com.apple.product-type.bundle.ui-testing";
		};
/* End PBXNativeTarget section */

/* Begin PBXProject section */
		3453C90026454D4C0062692D /* Project object */ = {
			isa = PBXProject;
			attributes = {
				LastSwiftUpdateCheck = 1230;
				LastUpgradeCheck = 1230;
				TargetAttributes = {
					3453C90726454D4C0062692D = {
						CreatedOnToolsVersion = 12.3;
					};
					3453C92026454D4F0062692D = {
						CreatedOnToolsVersion = 12.3;
						TestTargetID = 3453C90726454D4C0062692D;
					};
					3453C92B26454D4F0062692D = {
						CreatedOnToolsVersion = 12.3;
						TestTargetID = 3453C90726454D4C0062692D;
					};
				};
			};
			buildConfigurationList = 3453C90326454D4C0062692D /* Build configuration list for PBXProject "Sentia" */;
			compatibilityVersion = "Xcode 9.3";
			developmentRegion = en;
			hasScannedForEncodings = 0;
			knownRegions = (
				en,
				Base,
			);
			mainGroup = 3453C8FF26454D4C0062692D;
			productRefGroup = 3453C90926454D4C0062692D /* Products */;
			projectDirPath = "";
			projectRoot = "";
			targets = (
				3453C90726454D4C0062692D /* Sentia */,
				3453C92026454D4F0062692D /* SentiaTests */,
				3453C92B26454D4F0062692D /* SentiaUITests */,
			);
		};
/* End PBXProject section */

/* Begin PBXResourcesBuildPhase section */
		3453C90626454D4C0062692D /* Resources */ = {
			isa = PBXResourcesBuildPhase;
			buildActionMask = 2147483647;
			files = (
				3453C91B26454D4F0062692D /* LaunchScreen.storyboard in Resources */,
				3453C91826454D4F0062692D /* Assets.xcassets in Resources */,
				3453C94F264553330062692D /* HomeCell.xib in Resources */,
				3453C91326454D4C0062692D /* Main.storyboard in Resources */,
			);
			runOnlyForDeploymentPostprocessing = 0;
		};
		3453C91F26454D4F0062692D /* Resources */ = {
			isa = PBXResourcesBuildPhase;
			buildActionMask = 2147483647;
			files = (
			);
			runOnlyForDeploymentPostprocessing = 0;
		};
		3453C92A26454D4F0062692D /* Resources */ = {
			isa = PBXResourcesBuildPhase;
			buildActionMask = 2147483647;
			files = (
			);
			runOnlyForDeploymentPostprocessing = 0;
		};
/* End PBXResourcesBuildPhase section */

/* Begin PBXSourcesBuildPhase section */
		3453C90426454D4C0062692D /* Sources */ = {
			isa = PBXSourcesBuildPhase;
			buildActionMask = 2147483647;
			files = (
				3453C90C26454D4C0062692D /* AppDelegate.swift in Sources */,
				3453C945264551CD0062692D /* Home.swift in Sources */,
				3453C965264557350062692D /* HttpClient.swift in Sources */,
				3453C90E26454D4C0062692D /* SceneDelegate.swift in Sources */,
				3453C957264554A60062692D /* Model.swift in Sources */,
				3425E39B2647E50800B5C990 /* DetailVC.swift in Sources */,
				3453C91626454D4C0062692D /* Sentia.xcdatamodeld in Sources */,
				3453C96A264558220062692D /* Additional.swift in Sources */,
				3453C97326455CF60062692D /* CleanData.swift in Sources */,
				3453C94E264553330062692D /* HomeCell.swift in Sources */,
				3453C98226456A4F0062692D /* Extensions.swift in Sources */,
				3453C95C264554BC0062692D /* ViewModel.swift in Sources */,
			);
			runOnlyForDeploymentPostprocessing = 0;
		};
		3453C91D26454D4F0062692D /* Sources */ = {
			isa = PBXSourcesBuildPhase;
			buildActionMask = 2147483647;
			files = (
				3453C92626454D4F0062692D /* SentiaTests.swift in Sources */,
			);
			runOnlyForDeploymentPostprocessing = 0;
		};
		3453C92826454D4F0062692D /* Sources */ = {
			isa = PBXSourcesBuildPhase;
			buildActionMask = 2147483647;
			files = (
				3453C93126454D4F0062692D /* SentiaUITests.swift in Sources */,
			);
			runOnlyForDeploymentPostprocessing = 0;
		};
/* End PBXSourcesBuildPhase section */

/* Begin PBXTargetDependency section */
		3453C92326454D4F0062692D /* PBXTargetDependency */ = {
			isa = PBXTargetDependency;
			target = 3453C90726454D4C0062692D /* Sentia */;
			targetProxy = 3453C92226454D4F0062692D /* PBXContainerItemProxy */;
		};
		3453C92E26454D4F0062692D /* PBXTargetDependency */ = {
			isa = PBXTargetDependency;
			target = 3453C90726454D4C0062692D /* Sentia */;
			targetProxy = 3453C92D26454D4F0062692D /* PBXContainerItemProxy */;
		};
/* End PBXTargetDependency section */

/* Begin PBXVariantGroup section */
		3453C91126454D4C0062692D /* Main.storyboard */ = {
			isa = PBXVariantGroup;
			children = (
				3453C91226454D4C0062692D /* Base */,
			);
			name = Main.storyboard;
			sourceTree = "<group>";
		};
		3453C91926454D4F0062692D /* LaunchScreen.storyboard */ = {
			isa = PBXVariantGroup;
			children = (
				3453C91A26454D4F0062692D /* Base */,
			);
			name = LaunchScreen.storyboard;
			sourceTree = "<group>";
		};
/* End PBXVariantGroup section */

/* Begin XCBuildConfiguration section */
		3453C93326454D4F0062692D /* Debug */ = {
			isa = XCBuildConfiguration;
			buildSettings = {
				ALWAYS_SEARCH_USER_PATHS = NO;
				CLANG_ANALYZER_NONNULL = YES;
				CLANG_ANALYZER_NUMBER_OBJECT_CONVERSION = YES_AGGRESSIVE;
				CLANG_CXX_LANGUAGE_STANDARD = "gnu++14";
				CLANG_CXX_LIBRARY = "libc++";
				CLANG_ENABLE_MODULES = YES;
				CLANG_ENABLE_OBJC_ARC = YES;
				CLANG_ENABLE_OBJC_WEAK = YES;
				CLANG_WARN_BLOCK_CAPTURE_AUTORELEASING = YES;
				CLANG_WARN_BOOL_CONVERSION = YES;
				CLANG_WARN_COMMA = YES;
				CLANG_WARN_CONSTANT_CONVERSION = YES;
				CLANG_WARN_DEPRECATED_OBJC_IMPLEMENTATIONS = YES;
				CLANG_WARN_DIRECT_OBJC_ISA_USAGE = YES_ERROR;
				CLANG_WARN_DOCUMENTATION_COMMENTS = YES;
				CLANG_WARN_EMPTY_BODY = YES;
				CLANG_WARN_ENUM_CONVERSION = YES;
				CLANG_WARN_INFINITE_RECURSION = YES;
				CLANG_WARN_INT_CONVERSION = YES;
				CLANG_WARN_NON_LITERAL_NULL_CONVERSION = YES;
				CLANG_WARN_OBJC_IMPLICIT_RETAIN_SELF = YES;
				CLANG_WARN_OBJC_LITERAL_CONVERSION = YES;
				CLANG_WARN_OBJC_ROOT_CLASS = YES_ERROR;
				CLANG_WARN_QUOTED_INCLUDE_IN_FRAMEWORK_HEADER = YES;
				CLANG_WARN_RANGE_LOOP_ANALYSIS = YES;
				CLANG_WARN_STRICT_PROTOTYPES = YES;
				CLANG_WARN_SUSPICIOUS_MOVE = YES;
				CLANG_WARN_UNGUARDED_AVAILABILITY = YES_AGGRESSIVE;
				CLANG_WARN_UNREACHABLE_CODE = YES;
				CLANG_WARN__DUPLICATE_METHOD_MATCH = YES;
				COPY_PHASE_STRIP = NO;
				DEBUG_INFORMATION_FORMAT = dwarf;
				ENABLE_STRICT_OBJC_MSGSEND = YES;
				ENABLE_TESTABILITY = YES;
				GCC_C_LANGUAGE_STANDARD = gnu11;
				GCC_DYNAMIC_NO_PIC = NO;
				GCC_NO_COMMON_BLOCKS = YES;
				GCC_OPTIMIZATION_LEVEL = 0;
				GCC_PREPROCESSOR_DEFINITIONS = (
					"DEBUG=1",
					"$(inherited)",
				);
				GCC_WARN_64_TO_32_BIT_CONVERSION = YES;
				GCC_WARN_ABOUT_RETURN_TYPE = YES_ERROR;
				GCC_WARN_UNDECLARED_SELECTOR = YES;
				GCC_WARN_UNINITIALIZED_AUTOS = YES_AGGRESSIVE;
				GCC_WARN_UNUSED_FUNCTION = YES;
				GCC_WARN_UNUSED_VARIABLE = YES;
				IPHONEOS_DEPLOYMENT_TARGET = 14.3;
				MTL_ENABLE_DEBUG_INFO = INCLUDE_SOURCE;
				MTL_FAST_MATH = YES;
				ONLY_ACTIVE_ARCH = YES;
				SDKROOT = iphoneos;
				SWIFT_ACTIVE_COMPILATION_CONDITIONS = DEBUG;
				SWIFT_OPTIMIZATION_LEVEL = "-Onone";
			};
			name = Debug;
		};
		3453C93426454D4F0062692D /* Release */ = {
			isa = XCBuildConfiguration;
			buildSettings = {
				ALWAYS_SEARCH_USER_PATHS = NO;
				CLANG_ANALYZER_NONNULL = YES;
				CLANG_ANALYZER_NUMBER_OBJECT_CONVERSION = YES_AGGRESSIVE;
				CLANG_CXX_LANGUAGE_STANDARD = "gnu++14";
				CLANG_CXX_LIBRARY = "libc++";
				CLANG_ENABLE_MODULES = YES;
				CLANG_ENABLE_OBJC_ARC = YES;
				CLANG_ENABLE_OBJC_WEAK = YES;
				CLANG_WARN_BLOCK_CAPTURE_AUTORELEASING = YES;
				CLANG_WARN_BOOL_CONVERSION = YES;
				CLANG_WARN_COMMA = YES;
				CLANG_WARN_CONSTANT_CONVERSION = YES;
				CLANG_WARN_DEPRECATED_OBJC_IMPLEMENTATIONS = YES;
				CLANG_WARN_DIRECT_OBJC_ISA_USAGE = YES_ERROR;
				CLANG_WARN_DOCUMENTATION_COMMENTS = YES;
				CLANG_WARN_EMPTY_BODY = YES;
				CLANG_WARN_ENUM_CONVERSION = YES;
				CLANG_WARN_INFINITE_RECURSION = YES;
				CLANG_WARN_INT_CONVERSION = YES;
				CLANG_WARN_NON_LITERAL_NULL_CONVERSION = YES;
				CLANG_WARN_OBJC_IMPLICIT_RETAIN_SELF = YES;
				CLANG_WARN_OBJC_LITERAL_CONVERSION = YES;
				CLANG_WARN_OBJC_ROOT_CLASS = YES_ERROR;
				CLANG_WARN_QUOTED_INCLUDE_IN_FRAMEWORK_HEADER = YES;
				CLANG_WARN_RANGE_LOOP_ANALYSIS = YES;
				CLANG_WARN_STRICT_PROTOTYPES = YES;
				CLANG_WARN_SUSPICIOUS_MOVE = YES;
				CLANG_WARN_UNGUARDED_AVAILABILITY = YES_AGGRESSIVE;
				CLANG_WARN_UNREACHABLE_CODE = YES;
				CLANG_WARN__DUPLICATE_METHOD_MATCH = YES;
				COPY_PHASE_STRIP = NO;
				DEBUG_INFORMATION_FORMAT = "dwarf-with-dsym";
				ENABLE_NS_ASSERTIONS = NO;
				ENABLE_STRICT_OBJC_MSGSEND = YES;
				GCC_C_LANGUAGE_STANDARD = gnu11;
				GCC_NO_COMMON_BLOCKS = YES;
				GCC_WARN_64_TO_32_BIT_CONVERSION = YES;
				GCC_WARN_ABOUT_RETURN_TYPE = YES_ERROR;
				GCC_WARN_UNDECLARED_SELECTOR = YES;
				GCC_WARN_UNINITIALIZED_AUTOS = YES_AGGRESSIVE;
				GCC_WARN_UNUSED_FUNCTION = YES;
				GCC_WARN_UNUSED_VARIABLE = YES;
				IPHONEOS_DEPLOYMENT_TARGET = 14.3;
				MTL_ENABLE_DEBUG_INFO = NO;
				MTL_FAST_MATH = YES;
				SDKROOT = iphoneos;
				SWIFT_COMPILATION_MODE = wholemodule;
				SWIFT_OPTIMIZATION_LEVEL = "-O";
				VALIDATE_PRODUCT = YES;
			};
			name = Release;
		};
		3453C93626454D4F0062692D /* Debug */ = {
			isa = XCBuildConfiguration;
			buildSettings = {
				ASSETCATALOG_COMPILER_APPICON_NAME = AppIcon;
				ASSETCATALOG_COMPILER_GLOBAL_ACCENT_COLOR_NAME = AccentColor;
				CODE_SIGN_STYLE = Automatic;
				DEVELOPMENT_TEAM = 83C6R68V48;
				INFOPLIST_FILE = Sentia/Info.plist;
				LD_RUNPATH_SEARCH_PATHS = (
					"$(inherited)",
					"@executable_path/Frameworks",
				);
				PRODUCT_BUNDLE_IDENTIFIER = com.Sentia.Sentia;
				PRODUCT_NAME = "$(TARGET_NAME)";
				SWIFT_VERSION = 5.0;
				TARGETED_DEVICE_FAMILY = "1,2";
			};
			name = Debug;
		};
		3453C93726454D4F0062692D /* Release */ = {
			isa = XCBuildConfiguration;
			buildSettings = {
				ASSETCATALOG_COMPILER_APPICON_NAME = AppIcon;
				ASSETCATALOG_COMPILER_GLOBAL_ACCENT_COLOR_NAME = AccentColor;
				CODE_SIGN_STYLE = Automatic;
				DEVELOPMENT_TEAM = 83C6R68V48;
				INFOPLIST_FILE = Sentia/Info.plist;
				LD_RUNPATH_SEARCH_PATHS = (
					"$(inherited)",
					"@executable_path/Frameworks",
				);
				PRODUCT_BUNDLE_IDENTIFIER = com.Sentia.Sentia;
				PRODUCT_NAME = "$(TARGET_NAME)";
				SWIFT_VERSION = 5.0;
				TARGETED_DEVICE_FAMILY = "1,2";
			};
			name = Release;
		};
		3453C93926454D4F0062692D /* Debug */ = {
			isa = XCBuildConfiguration;
			buildSettings = {
				ALWAYS_EMBED_SWIFT_STANDARD_LIBRARIES = YES;
				BUNDLE_LOADER = "$(TEST_HOST)";
				CODE_SIGN_STYLE = Automatic;
				DEVELOPMENT_TEAM = 83C6R68V48;
				INFOPLIST_FILE = SentiaTests/Info.plist;
				IPHONEOS_DEPLOYMENT_TARGET = 14.3;
				LD_RUNPATH_SEARCH_PATHS = (
					"$(inherited)",
					"@executable_path/Frameworks",
					"@loader_path/Frameworks",
				);
				PRODUCT_BUNDLE_IDENTIFIER = com.Sentia.SentiaTests;
				PRODUCT_NAME = "$(TARGET_NAME)";
				SWIFT_VERSION = 5.0;
				TARGETED_DEVICE_FAMILY = "1,2";
				TEST_HOST = "$(BUILT_PRODUCTS_DIR)/Sentia.app/Sentia";
			};
			name = Debug;
		};
		3453C93A26454D4F0062692D /* Release */ = {
			isa = XCBuildConfiguration;
			buildSettings = {
				ALWAYS_EMBED_SWIFT_STANDARD_LIBRARIES = YES;
				BUNDLE_LOADER = "$(TEST_HOST)";
				CODE_SIGN_STYLE = Automatic;
				DEVELOPMENT_TEAM = 83C6R68V48;
				INFOPLIST_FILE = SentiaTests/Info.plist;
				IPHONEOS_DEPLOYMENT_TARGET = 14.3;
				LD_RUNPATH_SEARCH_PATHS = (
					"$(inherited)",
					"@executable_path/Frameworks",
					"@loader_path/Frameworks",
				);
				PRODUCT_BUNDLE_IDENTIFIER = com.Sentia.SentiaTests;
				PRODUCT_NAME = "$(TARGET_NAME)";
				SWIFT_VERSION = 5.0;
				TARGETED_DEVICE_FAMILY = "1,2";
				TEST_HOST = "$(BUILT_PRODUCTS_DIR)/Sentia.app/Sentia";
			};
			name = Release;
		};
		3453C93C26454D4F0062692D /* Debug */ = {
			isa = XCBuildConfiguration;
			buildSettings = {
				ALWAYS_EMBED_SWIFT_STANDARD_LIBRARIES = YES;
				CODE_SIGN_STYLE = Automatic;
				DEVELOPMENT_TEAM = 83C6R68V48;
				INFOPLIST_FILE = SentiaUITests/Info.plist;
				LD_RUNPATH_SEARCH_PATHS = (
					"$(inherited)",
					"@executable_path/Frameworks",
					"@loader_path/Frameworks",
				);
				PRODUCT_BUNDLE_IDENTIFIER = com.Sentia.SentiaUITests;
				PRODUCT_NAME = "$(TARGET_NAME)";
				SWIFT_VERSION = 5.0;
				TARGETED_DEVICE_FAMILY = "1,2";
				TEST_TARGET_NAME = Sentia;
			};
			name = Debug;
		};
		3453C93D26454D4F0062692D /* Release */ = {
			isa = XCBuildConfiguration;
			buildSettings = {
				ALWAYS_EMBED_SWIFT_STANDARD_LIBRARIES = YES;
				CODE_SIGN_STYLE = Automatic;
				DEVELOPMENT_TEAM = 83C6R68V48;
				INFOPLIST_FILE = SentiaUITests/Info.plist;
				LD_RUNPATH_SEARCH_PATHS = (
					"$(inherited)",
					"@executable_path/Frameworks",
					"@loader_path/Frameworks",
				);
				PRODUCT_BUNDLE_IDENTIFIER = com.Sentia.SentiaUITests;
				PRODUCT_NAME = "$(TARGET_NAME)";
				SWIFT_VERSION = 5.0;
				TARGETED_DEVICE_FAMILY = "1,2";
				TEST_TARGET_NAME = Sentia;
			};
			name = Release;
		};
/* End XCBuildConfiguration section */

/* Begin XCConfigurationList section */
		3453C90326454D4C0062692D /* Build configuration list for PBXProject "Sentia" */ = {
			isa = XCConfigurationList;
			buildConfigurations = (
				3453C93326454D4F0062692D /* Debug */,
				3453C93426454D4F0062692D /* Release */,
			);
			defaultConfigurationIsVisible = 0;
			defaultConfigurationName = Release;
		};
		3453C93526454D4F0062692D /* Build configuration list for PBXNativeTarget "Sentia" */ = {
			isa = XCConfigurationList;
			buildConfigurations = (
				3453C93626454D4F0062692D /* Debug */,
				3453C93726454D4F0062692D /* Release */,
			);
			defaultConfigurationIsVisible = 0;
			defaultConfigurationName = Release;
		};
		3453C93826454D4F0062692D /* Build configuration list for PBXNativeTarget "SentiaTests" */ = {
			isa = XCConfigurationList;
			buildConfigurations = (
				3453C93926454D4F0062692D /* Debug */,
				3453C93A26454D4F0062692D /* Release */,
			);
			defaultConfigurationIsVisible = 0;
			defaultConfigurationName = Release;
		};
		3453C93B26454D4F0062692D /* Build configuration list for PBXNativeTarget "SentiaUITests" */ = {
			isa = XCConfigurationList;
			buildConfigurations = (
				3453C93C26454D4F0062692D /* Debug */,
				3453C93D26454D4F0062692D /* Release */,
			);
			defaultConfigurationIsVisible = 0;
			defaultConfigurationName = Release;
		};
/* End XCConfigurationList section */

/* Begin XCVersionGroup section */
		3453C91426454D4C0062692D /* Sentia.xcdatamodeld */ = {
			isa = XCVersionGroup;
			children = (
				3453C91526454D4C0062692D /* Sentia.xcdatamodel */,
			);
			currentVersion = 3453C91526454D4C0062692D /* Sentia.xcdatamodel */;
			path = Sentia.xcdatamodeld;
			sourceTree = "<group>";
			versionGroupType = wrapper.xcdatamodel;
		};
/* End XCVersionGroup section */
	};
	rootObject = 3453C90026454D4C0062692D /* Project object */;
}
